
Microsoft Visual Studio Solution File, Format Version 12.00
# Visual Studio Version 16
VisualStudioVersion = 16.0.33328.57
MinimumVisualStudioVersion = 10.0.40219.1
Project("{FAE04EC0-301F-11D3-BF4B-00C04F79EFBC}") = "ForceSensorLibrary", "ForceSensorLibrary\ForceSensorLibrary.csproj", "{7BD5B4D5-9574-4395-ADE2-51FF70B1F30B}"
EndProject
Global
	GlobalSection(SolutionConfigurationPlatforms) = preSolution
		Debug|Any CPU = Debug|Any CPU
		Release|Any CPU = Release|Any CPU
	EndGlobalSection
	GlobalSection(ProjectConfigurationPlatforms) = postSolution
		{7BD5B4D5-9574-4395-ADE2-51FF70B1F30B}.Debug|Any CPU.ActiveCfg = Debug|Any CPU
		{7BD5B4D5-9574-4395-ADE2-51FF70B1F30B}.Debug|Any CPU.Build.0 = Debug|Any CPU
		{7BD5B4D5-9574-4395-ADE2-51FF70B1F30B}.Release|Any CPU.ActiveCfg = Release|Any CPU
		{7BD5B4D5-9574-4395-ADE2-51FF70B1F30B}.Release|Any CPU.Build.0 = Release|Any CPU
	EndGlobalSection
	GlobalSection(SolutionProperties) = preSolution
		HideSolutionNode = FALSE
	EndGlobalSection
	GlobalSection(ExtensibilityGlobals) = postSolution
		SolutionGuid = {2C79080B-3D80-4F47-BDF7-3CDAE50129F1}
	EndGlobalSection
EndGlobal
